
Microsoft Visual Studio Solution File, Format Version 12.00
# Visual Studio Version 17
VisualStudioVersion = 17.0.31903.59
MinimumVisualStudioVersion = 10.0.40219.1
Project("{2150E333-8FDC-42A3-9474-1A3956D46DE8}") = "src", "src", "{827E0CD3-B72D-47B6-A68D-7590B98EB39B}"
EndProject
Project("{FAE04EC0-301F-11D3-BF4B-00C04F79EFBC}") = "Ledgerly.Domain", "src\Ledgerly.Domain\Ledgerly.Domain.csproj", "{358C71CF-4C34-4126-9913-14B5F561E070}"
EndProject
Project("{FAE04EC0-301F-11D3-BF4B-00C04F79EFBC}") = "Ledgerly.Application", "src\Ledgerly.Application\Ledgerly.Application.csproj", "{60B848E8-8732-4861-96C3-4BF538112BFC}"
EndProject
Project("{FAE04EC0-301F-11D3-BF4B-00C04F79EFBC}") = "Ledgerly.Infrastructure", "src\Ledgerly.Infrastructure\Ledgerly.Infrastructure.csproj", "{5B97A525-F889-4C6C-B373-CBF89B9302C1}"
EndProject
Project("{FAE04EC0-301F-11D3-BF4B-00C04F79EFBC}") = "Ledgerly.Shared", "src\Ledgerly.Shared\Ledgerly.Shared.csproj", "{405507A9-1C51-4CD7-B9B6-A10DD802ACFE}"
EndProject
Project("{FAE04EC0-301F-11D3-BF4B-00C04F79EFBC}") = "Ledgerly.Api", "src\Ledgerly.Api\Ledgerly.Api.csproj", "{1CE0374F-3B77-4886-AFA4-E12E876D7290}"
EndProject
Project("{2150E333-8FDC-42A3-9474-1A3956D46DE8}") = "tests", "tests", "{0AB3BF05-4346-4AA6-1389-037BE0695223}"
EndProject
Project("{FAE04EC0-301F-11D3-BF4B-00C04F79EFBC}") = "Ledgerly.UnitTests", "tests\Ledgerly.UnitTests\Ledgerly.UnitTests.csproj", "{A8846D41-773B-48C6-A04E-940D0D3C0AA5}"
EndProject
Project("{FAE04EC0-301F-11D3-BF4B-00C04F79EFBC}") = "Ledgerly.IntegrationTests", "tests\Ledgerly.IntegrationTests\Ledgerly.IntegrationTests.csproj", "{C4E8719B-0337-457A-BB0F-BB8F77A7FE49}"
EndProject
Global
	GlobalSection(SolutionConfigurationPlatforms) = preSolution
		Debug|Any CPU = Debug|Any CPU
		Debug|x64 = Debug|x64
		Debug|x86 = Debug|x86
		Release|Any CPU = Release|Any CPU
		Release|x64 = Release|x64
		Release|x86 = Release|x86
	EndGlobalSection
	GlobalSection(ProjectConfigurationPlatforms) = postSolution
		{358C71CF-4C34-4126-9913-14B5F561E070}.Debug|Any CPU.ActiveCfg = Debug|Any CPU
		{358C71CF-4C34-4126-9913-14B5F561E070}.Debug|Any CPU.Build.0 = Debug|Any CPU
		{358C71CF-4C34-4126-9913-14B5F561E070}.Debug|x64.ActiveCfg = Debug|Any CPU
		{358C71CF-4C34-4126-9913-14B5F561E070}.Debug|x64.Build.0 = Debug|Any CPU
		{358C71CF-4C34-4126-9913-14B5F561E070}.Debug|x86.ActiveCfg = Debug|Any CPU
		{358C71CF-4C34-4126-9913-14B5F561E070}.Debug|x86.Build.0 = Debug|Any CPU
		{358C71CF-4C34-4126-9913-14B5F561E070}.Release|Any CPU.ActiveCfg = Release|Any CPU
		{358C71CF-4C34-4126-9913-14B5F561E070}.Release|Any CPU.Build.0 = Release|Any CPU
		{358C71CF-4C34-4126-9913-14B5F561E070}.Release|x64.ActiveCfg = Release|Any CPU
		{358C71CF-4C34-4126-9913-14B5F561E070}.Release|x64.Build.0 = Release|Any CPU
		{358C71CF-4C34-4126-9913-14B5F561E070}.Release|x86.ActiveCfg = Release|Any CPU
		{358C71CF-4C34-4126-9913-14B5F561E070}.Release|x86.Build.0 = Release|Any CPU
		{60B848E8-8732-4861-96C3-4BF538112BFC}.Debug|Any CPU.ActiveCfg = Debug|Any CPU
		{60B848E8-8732-4861-96C3-4BF538112BFC}.Debug|Any CPU.Build.0 = Debug|Any CPU
		{60B848E8-8732-4861-96C3-4BF538112BFC}.Debug|x64.ActiveCfg = Debug|Any CPU
		{60B848E8-8732-4861-96C3-4BF538112BFC}.Debug|x64.Build.0 = Debug|Any CPU
		{60B848E8-8732-4861-96C3-4BF538112BFC}.Debug|x86.ActiveCfg = Debug|Any CPU
		{60B848E8-8732-4861-96C3-4BF538112BFC}.Debug|x86.Build.0 = Debug|Any CPU
		{60B848E8-8732-4861-96C3-4BF538112BFC}.Release|Any CPU.ActiveCfg = Release|Any CPU
		{60B848E8-8732-4861-96C3-4BF538112BFC}.Release|Any CPU.Build.0 = Release|Any CPU
		{60B848E8-8732-4861-96C3-4BF538112BFC}.Release|x64.ActiveCfg = Release|Any CPU
		{60B848E8-8732-4861-96C3-4BF538112BFC}.Release|x64.Build.0 = Release|Any CPU
		{60B848E8-8732-4861-96C3-4BF538112BFC}.Release|x86.ActiveCfg = Release|Any CPU
		{60B848E8-8732-4861-96C3-4BF538112BFC}.Release|x86.Build.0 = Release|Any CPU
		{5B97A525-F889-4C6C-B373-CBF89B9302C1}.Debug|Any CPU.ActiveCfg = Debug|Any CPU
		{5B97A525-F889-4C6C-B373-CBF89B9302C1}.Debug|Any CPU.Build.0 = Debug|Any CPU
		{5B97A525-F889-4C6C-B373-CBF89B9302C1}.Debug|x64.ActiveCfg = Debug|Any CPU
		{5B97A525-F889-4C6C-B373-CBF89B9302C1}.Debug|x64.Build.0 = Debug|Any CPU
		{5B97A525-F889-4C6C-B373-CBF89B9302C1}.Debug|x86.ActiveCfg = Debug|Any CPU
		{5B97A525-F889-4C6C-B373-CBF89B9302C1}.Debug|x86.Build.0 = Debug|Any CPU
		{5B97A525-F889-4C6C-B373-CBF89B9302C1}.Release|Any CPU.ActiveCfg = Release|Any CPU
		{5B97A525-F889-4C6C-B373-CBF89B9302C1}.Release|Any CPU.Build.0 = Release|Any CPU
		{5B97A525-F889-4C6C-B373-CBF89B9302C1}.Release|x64.ActiveCfg = Release|Any CPU
		{5B97A525-F889-4C6C-B373-CBF89B9302C1}.Release|x64.Build.0 = Release|Any CPU
		{5B97A525-F889-4C6C-B373-CBF89B9302C1}.Release|x86.ActiveCfg = Release|Any CPU
		{5B97A525-F889-4C6C-B373-CBF89B9302C1}.Release|x86.Build.0 = Release|Any CPU
		{405507A9-1C51-4CD7-B9B6-A10DD802ACFE}.Debug|Any CPU.ActiveCfg = Debug|Any CPU
		{405507A9-1C51-4CD7-B9B6-A10DD802ACFE}.Debug|Any CPU.Build.0 = Debug|Any CPU
		{405507A9-1C51-4CD7-B9B6-A10DD802ACFE}.Debug|x64.ActiveCfg = Debug|Any CPU
		{405507A9-1C51-4CD7-B9B6-A10DD802ACFE}.Debug|x64.Build.0 = Debug|Any CPU
		{405507A9-1C51-4CD7-B9B6-A10DD802ACFE}.Debug|x86.ActiveCfg = Debug|Any CPU
		{405507A9-1C51-4CD7-B9B6-A10DD802ACFE}.Debug|x86.Build.0 = Debug|Any CPU
		{405507A9-1C51-4CD7-B9B6-A10DD802ACFE}.Release|Any CPU.ActiveCfg = Release|Any CPU
		{405507A9-1C51-4CD7-B9B6-A10DD802ACFE}.Release|Any CPU.Build.0 = Release|Any CPU
		{405507A9-1C51-4CD7-B9B6-A10DD802ACFE}.Release|x64.ActiveCfg = Release|Any CPU
		{405507A9-1C51-4CD7-B9B6-A10DD802ACFE}.Release|x64.Build.0 = Release|Any CPU
		{405507A9-1C51-4CD7-B9B6-A10DD802ACFE}.Release|x86.ActiveCfg = Release|Any CPU
		{405507A9-1C51-4CD7-B9B6-A10DD802ACFE}.Release|x86.Build.0 = Release|Any CPU
		{1CE0374F-3B77-4886-AFA4-E12E876D7290}.Debug|Any CPU.ActiveCfg = Debug|Any CPU
		{1CE0374F-3B77-4886-AFA4-E12E876D7290}.Debug|Any CPU.Build.0 = Debug|Any CPU
		{1CE0374F-3B77-4886-AFA4-E12E876D7290}.Debug|x64.ActiveCfg = Debug|Any CPU
		{1CE0374F-3B77-4886-AFA4-E12E876D7290}.Debug|x64.Build.0 = Debug|Any CPU
		{1CE0374F-3B77-4886-AFA4-E12E876D7290}.Debug|x86.ActiveCfg = Debug|Any CPU
		{1CE0374F-3B77-4886-AFA4-E12E876D7290}.Debug|x86.Build.0 = Debug|Any CPU
		{1CE0374F-3B77-4886-AFA4-E12E876D7290}.Release|Any CPU.ActiveCfg = Release|Any CPU
		{1CE0374F-3B77-4886-AFA4-E12E876D7290}.Release|Any CPU.Build.0 = Release|Any CPU
		{1CE0374F-3B77-4886-AFA4-E12E876D7290}.Release|x64.ActiveCfg = Release|Any CPU
		{1CE0374F-3B77-4886-AFA4-E12E876D7290}.Release|x64.Build.0 = Release|Any CPU
		{1CE0374F-3B77-4886-AFA4-E12E876D7290}.Release|x86.ActiveCfg = Release|Any CPU
		{1CE0374F-3B77-4886-AFA4-E12E876D7290}.Release|x86.Build.0 = Release|Any CPU
		{A8846D41-773B-48C6-A04E-940D0D3C0AA5}.Debug|Any CPU.ActiveCfg = Debug|Any CPU
		{A8846D41-773B-48C6-A04E-940D0D3C0AA5}.Debug|Any CPU.Build.0 = Debug|Any CPU
		{A8846D41-773B-48C6-A04E-940D0D3C0AA5}.Debug|x64.ActiveCfg = Debug|Any CPU
		{A8846D41-773B-48C6-A04E-940D0D3C0AA5}.Debug|x64.Build.0 = Debug|Any CPU
		{A8846D41-773B-48C6-A04E-940D0D3C0AA5}.Debug|x86.ActiveCfg = Debug|Any CPU
		{A8846D41-773B-48C6-A04E-940D0D3C0AA5}.Debug|x86.Build.0 = Debug|Any CPU
		{A8846D41-773B-48C6-A04E-940D0D3C0AA5}.Release|Any CPU.ActiveCfg = Release|Any CPU
		{A8846D41-773B-48C6-A04E-940D0D3C0AA5}.Release|Any CPU.Build.0 = Release|Any CPU
		{A8846D41-773B-48C6-A04E-940D0D3C0AA5}.Release|x64.ActiveCfg = Release|Any CPU
		{A8846D41-773B-48C6-A04E-940D0D3C0AA5}.Release|x64.Build.0 = Release|Any CPU
		{A8846D41-773B-48C6-A04E-940D0D3C0AA5}.Release|x86.ActiveCfg = Release|Any CPU
		{A8846D41-773B-48C6-A04E-940D0D3C0AA5}.Release|x86.Build.0 = Release|Any CPU
		{C4E8719B-0337-457A-BB0F-BB8F77A7FE49}.Debug|Any CPU.ActiveCfg = Debug|Any CPU
		{C4E8719B-0337-457A-BB0F-BB8F77A7FE49}.Debug|Any CPU.Build.0 = Debug|Any CPU
		{C4E8719B-0337-457A-BB0F-BB8F77A7FE49}.Debug|x64.ActiveCfg = Debug|Any CPU
		{C4E8719B-0337-457A-BB0F-BB8F77A7FE49}.Debug|x64.Build.0 = Debug|Any CPU
		{C4E8719B-0337-457A-BB0F-BB8F77A7FE49}.Debug|x86.ActiveCfg = Debug|Any CPU
		{C4E8719B-0337-457A-BB0F-BB8F77A7FE49}.Debug|x86.Build.0 = Debug|Any CPU
		{C4E8719B-0337-457A-BB0F-BB8F77A7FE49}.Release|Any CPU.ActiveCfg = Release|Any CPU
		{C4E8719B-0337-457A-BB0F-BB8F77A7FE49}.Release|Any CPU.Build.0 = Release|Any CPU
		{C4E8719B-0337-457A-BB0F-BB8F77A7FE49}.Release|x64.ActiveCfg = Release|Any CPU
		{C4E8719B-0337-457A-BB0F-BB8F77A7FE49}.Release|x64.Build.0 = Release|Any CPU
		{C4E8719B-0337-457A-BB0F-BB8F77A7FE49}.Release|x86.ActiveCfg = Release|Any CPU
		{C4E8719B-0337-457A-BB0F-BB8F77A7FE49}.Release|x86.Build.0 = Release|Any CPU
	EndGlobalSection
	GlobalSection(SolutionProperties) = preSolution
		HideSolutionNode = FALSE
	EndGlobalSection
	GlobalSection(NestedProjects) = preSolution
		{358C71CF-4C34-4126-9913-14B5F561E070} = {827E0CD3-B72D-47B6-A68D-7590B98EB39B}
		{60B848E8-8732-4861-96C3-4BF538112BFC} = {827E0CD3-B72D-47B6-A68D-7590B98EB39B}
		{5B97A525-F889-4C6C-B373-CBF89B9302C1} = {827E0CD3-B72D-47B6-A68D-7590B98EB39B}
		{405507A9-1C51-4CD7-B9B6-A10DD802ACFE} = {827E0CD3-B72D-47B6-A68D-7590B98EB39B}
		{1CE0374F-3B77-4886-AFA4-E12E876D7290} = {827E0CD3-B72D-47B6-A68D-7590B98EB39B}
		{A8846D41-773B-48C6-A04E-940D0D3C0AA5} = {0AB3BF05-4346-4AA6-1389-037BE0695223}
		{C4E8719B-0337-457A-BB0F-BB8F77A7FE49} = {0AB3BF05-4346-4AA6-1389-037BE0695223}
	EndGlobalSection
EndGlobal
